// !$*UTF8*$!
{
	archiveVersion = 1;
	classes = {
	};
	objectVersion = 46;
	objects = {

/* Begin PBXBuildFile section */
		981925A014C62B8F009AAB86 /* NSNumber+Helpers.m in Sources */ = {isa = PBXBuildFile; fileRef = 9819259F14C62B8F009AAB86 /* NSNumber+Helpers.m */; };
		983B1C8814CF302900D77D3C /* SettingsViewController.m in Sources */ = {isa = PBXBuildFile; fileRef = 983B1C8714CF302900D77D3C /* SettingsViewController.m */; };
		983B1C8B14CF303D00D77D3C /* SettingsView.m in Sources */ = {isa = PBXBuildFile; fileRef = 983B1C8A14CF303D00D77D3C /* SettingsView.m */; };
		9845CBE014C36316006DEB8B /* QuartzCore.framework in Frameworks */ = {isa = PBXBuildFile; fileRef = 9845CBDF14C36316006DEB8B /* QuartzCore.framework */; };
		9845CBE514C36AB3006DEB8B /* Coder.m in Sources */ = {isa = PBXBuildFile; fileRef = 9845CBE414C36AB3006DEB8B /* Coder.m */; };
		9845CBE914C36D0B006DEB8B /* Signal.m in Sources */ = {isa = PBXBuildFile; fileRef = 9845CBE814C36D0B006DEB8B /* Signal.m */; };
		984A753414BF56FC003938D8 /* ModerPracticeViewController.mm in Sources */ = {isa = PBXBuildFile; fileRef = 984A753314BF56FC003938D8 /* ModerPracticeViewController.mm */; };
		984A753814BF57FD003938D8 /* ModerPracticeView.mm in Sources */ = {isa = PBXBuildFile; fileRef = 984A753714BF57FD003938D8 /* ModerPracticeView.mm */; };
		984A754414BF5CE4003938D8 /* TouchableView.mm in Sources */ = {isa = PBXBuildFile; fileRef = 984A754314BF5CE4003938D8 /* TouchableView.mm */; };
		9875AB5D14C86FFE00D71CA2 /* CodeDecoder.m in Sources */ = {isa = PBXBuildFile; fileRef = 9875AB5C14C86FFE00D71CA2 /* CodeDecoder.m */; };
		989B9EB914D250340000FBFC /* TextToMorseViewController.m in Sources */ = {isa = PBXBuildFile; fileRef = 989B9EB814D250340000FBFC /* TextToMorseViewController.m */; };
		989B9EBC14D250660000FBFC /* TextToMorseView.m in Sources */ = {isa = PBXBuildFile; fileRef = 989B9EBB14D250660000FBFC /* TextToMorseView.m */; };
		98B9AFEE14D442BA00C80042 /* README in Resources */ = {isa = PBXBuildFile; fileRef = 98B9AFED14D442BA00C80042 /* README */; };
		98C7ED9414BE75D400B7A779 /* UIKit.framework in Frameworks */ = {isa = PBXBuildFile; fileRef = 98C7ED9314BE75D400B7A779 /* UIKit.framework */; };
		98C7ED9614BE75D400B7A779 /* Foundation.framework in Frameworks */ = {isa = PBXBuildFile; fileRef = 98C7ED9514BE75D400B7A779 /* Foundation.framework */; };
		98C7ED9814BE75D400B7A779 /* CoreGraphics.framework in Frameworks */ = {isa = PBXBuildFile; fileRef = 98C7ED9714BE75D400B7A779 /* CoreGraphics.framework */; };
		98C7ED9E14BE75D400B7A779 /* InfoPlist.strings in Resources */ = {isa = PBXBuildFile; fileRef = 98C7ED9C14BE75D400B7A779 /* InfoPlist.strings */; };
		98C7EDA014BE75D400B7A779 /* main.m in Sources */ = {isa = PBXBuildFile; fileRef = 98C7ED9F14BE75D400B7A779 /* main.m */; };
		98C7EDA414BE75D400B7A779 /* AppDelegate.mm in Sources */ = {isa = PBXBuildFile; fileRef = 98C7EDA314BE75D400B7A779 /* AppDelegate.mm */; };
		98EB51EE14BFCD1200F7A1A6 /* AudioToolbox.framework in Frameworks */ = {isa = PBXBuildFile; fileRef = 98EB51ED14BFCD1200F7A1A6 /* AudioToolbox.framework */; };
		98EB51F614BFD62800F7A1A6 /* Toner.mm in Sources */ = {isa = PBXBuildFile; fileRef = 98EB51F514BFD62800F7A1A6 /* Toner.mm */; };
		98EB51F814BFE4F900F7A1A6 /* Toner.hpp in Resources */ = {isa = PBXBuildFile; fileRef = 98EB51F714BFE4F900F7A1A6 /* Toner.hpp */; };
/* End PBXBuildFile section */

/* Begin PBXFileReference section */
		9819259E14C62B8F009AAB86 /* NSNumber+Helpers.h */ = {isa = PBXFileReference; fileEncoding = 4; lastKnownFileType = sourcecode.c.h; path = "NSNumber+Helpers.h"; sourceTree = "<group>"; };
		9819259F14C62B8F009AAB86 /* NSNumber+Helpers.m */ = {isa = PBXFileReference; fileEncoding = 4; lastKnownFileType = sourcecode.c.objc; path = "NSNumber+Helpers.m"; sourceTree = "<group>"; };
		983B1C8614CF302900D77D3C /* SettingsViewController.h */ = {isa = PBXFileReference; fileEncoding = 4; lastKnownFileType = sourcecode.c.h; path = SettingsViewController.h; sourceTree = "<group>"; };
		983B1C8714CF302900D77D3C /* SettingsViewController.m */ = {isa = PBXFileReference; fileEncoding = 4; lastKnownFileType = sourcecode.c.objc; path = SettingsViewController.m; sourceTree = "<group>"; };
		983B1C8914CF303D00D77D3C /* SettingsView.h */ = {isa = PBXFileReference; fileEncoding = 4; lastKnownFileType = sourcecode.c.h; path = SettingsView.h; sourceTree = "<group>"; };
		983B1C8A14CF303D00D77D3C /* SettingsView.m */ = {isa = PBXFileReference; fileEncoding = 4; lastKnownFileType = sourcecode.c.objc; path = SettingsView.m; sourceTree = "<group>"; };
		9845CBDF14C36316006DEB8B /* QuartzCore.framework */ = {isa = PBXFileReference; lastKnownFileType = wrapper.framework; name = QuartzCore.framework; path = System/Library/Frameworks/QuartzCore.framework; sourceTree = SDKROOT; };
		9845CBE314C36AB3006DEB8B /* Coder.h */ = {isa = PBXFileReference; fileEncoding = 4; lastKnownFileType = sourcecode.c.h; path = Coder.h; sourceTree = "<group>"; };
		9845CBE414C36AB3006DEB8B /* Coder.m */ = {isa = PBXFileReference; fileEncoding = 4; lastKnownFileType = sourcecode.c.objc; path = Coder.m; sourceTree = "<group>"; };
		9845CBE714C36D0B006DEB8B /* Signal.h */ = {isa = PBXFileReference; fileEncoding = 4; lastKnownFileType = sourcecode.c.h; path = Signal.h; sourceTree = "<group>"; };
		9845CBE814C36D0B006DEB8B /* Signal.m */ = {isa = PBXFileReference; fileEncoding = 4; lastKnownFileType = sourcecode.c.objc; path = Signal.m; sourceTree = "<group>"; };
		984A753214BF56FC003938D8 /* ModerPracticeViewController.hpp */ = {isa = PBXFileReference; fileEncoding = 4; lastKnownFileType = sourcecode.cpp.h; path = ModerPracticeViewController.hpp; sourceTree = "<group>"; };
		984A753314BF56FC003938D8 /* ModerPracticeViewController.mm */ = {isa = PBXFileReference; fileEncoding = 4; lastKnownFileType = sourcecode.cpp.objcpp; path = ModerPracticeViewController.mm; sourceTree = "<group>"; };
		984A753614BF57FD003938D8 /* ModerPracticeView.hpp */ = {isa = PBXFileReference; fileEncoding = 4; lastKnownFileType = sourcecode.cpp.h; path = ModerPracticeView.hpp; sourceTree = "<group>"; };
		984A753714BF57FD003938D8 /* ModerPracticeView.mm */ = {isa = PBXFileReference; fileEncoding = 4; lastKnownFileType = sourcecode.cpp.objcpp; path = ModerPracticeView.mm; sourceTree = "<group>"; };
		984A754214BF5CE4003938D8 /* TouchableView.hpp */ = {isa = PBXFileReference; fileEncoding = 4; lastKnownFileType = sourcecode.cpp.h; path = TouchableView.hpp; sourceTree = "<group>"; };
		984A754314BF5CE4003938D8 /* TouchableView.mm */ = {isa = PBXFileReference; fileEncoding = 4; lastKnownFileType = sourcecode.cpp.objcpp; path = TouchableView.mm; sourceTree = "<group>"; };
		9875AB5B14C86FFE00D71CA2 /* CodeDecoder.h */ = {isa = PBXFileReference; fileEncoding = 4; lastKnownFileType = sourcecode.c.h; path = CodeDecoder.h; sourceTree = "<group>"; };
		9875AB5C14C86FFE00D71CA2 /* CodeDecoder.m */ = {isa = PBXFileReference; fileEncoding = 4; lastKnownFileType = sourcecode.c.objc; path = CodeDecoder.m; sourceTree = "<group>"; };
		989B9EB714D250340000FBFC /* TextToMorseViewController.h */ = {isa = PBXFileReference; fileEncoding = 4; lastKnownFileType = sourcecode.c.h; path = TextToMorseViewController.h; sourceTree = "<group>"; };
		989B9EB814D250340000FBFC /* TextToMorseViewController.m */ = {isa = PBXFileReference; fileEncoding = 4; lastKnownFileType = sourcecode.c.objc; path = TextToMorseViewController.m; sourceTree = "<group>"; };
		989B9EBA14D250660000FBFC /* TextToMorseView.h */ = {isa = PBXFileReference; fileEncoding = 4; lastKnownFileType = sourcecode.c.h; path = TextToMorseView.h; sourceTree = "<group>"; };
		989B9EBB14D250660000FBFC /* TextToMorseView.m */ = {isa = PBXFileReference; fileEncoding = 4; lastKnownFileType = sourcecode.c.objc; path = TextToMorseView.m; sourceTree = "<group>"; };
		98B9AFED14D442BA00C80042 /* README */ = {isa = PBXFileReference; fileEncoding = 4; lastKnownFileType = text; path = README; sourceTree = "<group>"; };
		98C7ED8F14BE75D400B7A779 /* Moder.app */ = {isa = PBXFileReference; explicitFileType = wrapper.application; includeInIndex = 0; path = Moder.app; sourceTree = BUILT_PRODUCTS_DIR; };
		98C7ED9314BE75D400B7A779 /* UIKit.framework */ = {isa = PBXFileReference; lastKnownFileType = wrapper.framework; name = UIKit.framework; path = System/Library/Frameworks/UIKit.framework; sourceTree = SDKROOT; };
		98C7ED9514BE75D400B7A779 /* Foundation.framework */ = {isa = PBXFileReference; lastKnownFileType = wrapper.framework; name = Foundation.framework; path = System/Library/Frameworks/Foundation.framework; sourceTree = SDKROOT; };
		98C7ED9714BE75D400B7A779 /* CoreGraphics.framework */ = {isa = PBXFileReference; lastKnownFileType = wrapper.framework; name = CoreGraphics.framework; path = System/Library/Frameworks/CoreGraphics.framework; sourceTree = SDKROOT; };
		98C7ED9B14BE75D400B7A779 /* Moder-Info.plist */ = {isa = PBXFileReference; lastKnownFileType = text.plist.xml; path = "Moder-Info.plist"; sourceTree = "<group>"; };
		98C7ED9D14BE75D400B7A779 /* en */ = {isa = PBXFileReference; lastKnownFileType = text.plist.strings; name = en; path = en.lproj/InfoPlist.strings; sourceTree = "<group>"; };
		98C7ED9F14BE75D400B7A779 /* main.m */ = {isa = PBXFileReference; lastKnownFileType = sourcecode.c.objc; path = main.m; sourceTree = "<group>"; };
		98C7EDA114BE75D400B7A779 /* Moder-Prefix.pch */ = {isa = PBXFileReference; lastKnownFileType = sourcecode.c.h; path = "Moder-Prefix.pch"; sourceTree = "<group>"; };
		98C7EDA214BE75D400B7A779 /* AppDelegate.hpp */ = {isa = PBXFileReference; lastKnownFileType = sourcecode.cpp.h; path = AppDelegate.hpp; sourceTree = "<group>"; };
		98C7EDA314BE75D400B7A779 /* AppDelegate.mm */ = {isa = PBXFileReference; lastKnownFileType = sourcecode.cpp.objcpp; path = AppDelegate.mm; sourceTree = "<group>"; };
		98EB51ED14BFCD1200F7A1A6 /* AudioToolbox.framework */ = {isa = PBXFileReference; lastKnownFileType = wrapper.framework; name = AudioToolbox.framework; path = System/Library/Frameworks/AudioToolbox.framework; sourceTree = SDKROOT; };
		98EB51F514BFD62800F7A1A6 /* Toner.mm */ = {isa = PBXFileReference; fileEncoding = 4; lastKnownFileType = sourcecode.cpp.objcpp; path = Toner.mm; sourceTree = "<group>"; };
		98EB51F714BFE4F900F7A1A6 /* Toner.hpp */ = {isa = PBXFileReference; fileEncoding = 4; lastKnownFileType = sourcecode.cpp.h; path = Toner.hpp; sourceTree = "<group>"; };
/* End PBXFileReference section */

/* Begin PBXFrameworksBuildPhase section */
		98C7ED8C14BE75D400B7A779 /* Frameworks */ = {
			isa = PBXFrameworksBuildPhase;
			buildActionMask = 2147483647;
			files = (
				9845CBE014C36316006DEB8B /* QuartzCore.framework in Frameworks */,
				98EB51EE14BFCD1200F7A1A6 /* AudioToolbox.framework in Frameworks */,
				98C7ED9414BE75D400B7A779 /* UIKit.framework in Frameworks */,
				98C7ED9614BE75D400B7A779 /* Foundation.framework in Frameworks */,
				98C7ED9814BE75D400B7A779 /* CoreGraphics.framework in Frameworks */,
			);
			runOnlyForDeploymentPostprocessing = 0;
		};
/* End PBXFrameworksBuildPhase section */

/* Begin PBXGroup section */
		983B1C8314CF2FF000D77D3C /* SettingsViewController */ = {
			isa = PBXGroup;
			children = (
				983B1C8514CF300D00D77D3C /* SettingsView */,
				983B1C8614CF302900D77D3C /* SettingsViewController.h */,
				983B1C8714CF302900D77D3C /* SettingsViewController.m */,
			);
			name = SettingsViewController;
			sourceTree = "<group>";
		};
		983B1C8514CF300D00D77D3C /* SettingsView */ = {
			isa = PBXGroup;
			children = (
				983B1C8914CF303D00D77D3C /* SettingsView.h */,
				983B1C8A14CF303D00D77D3C /* SettingsView.m */,
			);
			name = SettingsView;
			sourceTree = "<group>";
		};
		9845CBE214C36A99006DEB8B /* Code */ = {
			isa = PBXGroup;
			children = (
				9875AB5914C86EB600D71CA2 /* Decoder */,
				9845CBE614C36CE8006DEB8B /* Signal */,
				9845CBE314C36AB3006DEB8B /* Coder.h */,
				9845CBE414C36AB3006DEB8B /* Coder.m */,
			);
			name = Code;
			sourceTree = "<group>";
		};
		9845CBE614C36CE8006DEB8B /* Signal */ = {
			isa = PBXGroup;
			children = (
				9845CBE714C36D0B006DEB8B /* Signal.h */,
				9845CBE814C36D0B006DEB8B /* Signal.m */,
			);
			name = Signal;
			sourceTree = "<group>";
		};
		984A753014BF56C1003938D8 /* ModerPracticeViewController */ = {
			isa = PBXGroup;
			children = (
				984A753514BF57D3003938D8 /* ModerPracticeView */,
				984A753214BF56FC003938D8 /* ModerPracticeViewController.hpp */,
				984A753314BF56FC003938D8 /* ModerPracticeViewController.mm */,
			);
			name = ModerPracticeViewController;
			sourceTree = "<group>";
		};
		984A753514BF57D3003938D8 /* ModerPracticeView */ = {
			isa = PBXGroup;
			children = (
				984A753614BF57FD003938D8 /* ModerPracticeView.hpp */,
				984A753714BF57FD003938D8 /* ModerPracticeView.mm */,
			);
			name = ModerPracticeView;
			sourceTree = "<group>";
		};
		984A754114BF5CC0003938D8 /* TouchableView */ = {
			isa = PBXGroup;
			children = (
				984A754214BF5CE4003938D8 /* TouchableView.hpp */,
				984A754314BF5CE4003938D8 /* TouchableView.mm */,
			);
			name = TouchableView;
			sourceTree = "<group>";
		};
		9875AB5914C86EB600D71CA2 /* Decoder */ = {
			isa = PBXGroup;
			children = (
				9875AB5B14C86FFE00D71CA2 /* CodeDecoder.h */,
				9875AB5C14C86FFE00D71CA2 /* CodeDecoder.m */,
			);
			name = Decoder;
			sourceTree = "<group>";
		};
		989B9EB514D24F6A0000FBFC /* TextToMorseViewController */ = {
			isa = PBXGroup;
			children = (
				989B9EB614D24F7F0000FBFC /* TextToMorseView */,
				989B9EB714D250340000FBFC /* TextToMorseViewController.h */,
				989B9EB814D250340000FBFC /* TextToMorseViewController.m */,
			);
			name = TextToMorseViewController;
			sourceTree = "<group>";
		};
		989B9EB614D24F7F0000FBFC /* TextToMorseView */ = {
			isa = PBXGroup;
			children = (
				989B9EBA14D250660000FBFC /* TextToMorseView.h */,
				989B9EBB14D250660000FBFC /* TextToMorseView.m */,
			);
			name = TextToMorseView;
			sourceTree = "<group>";
		};
		98C7ED8414BE75D400B7A779 = {
			isa = PBXGroup;
			children = (
				98C7ED9914BE75D400B7A779 /* Moder */,
				98C7ED9214BE75D400B7A779 /* Frameworks */,
				98C7ED9014BE75D400B7A779 /* Products */,
			);
			sourceTree = "<group>";
		};
		98C7ED9014BE75D400B7A779 /* Products */ = {
			isa = PBXGroup;
			children = (
				98C7ED8F14BE75D400B7A779 /* Moder.app */,
			);
			name = Products;
			sourceTree = "<group>";
		};
		98C7ED9214BE75D400B7A779 /* Frameworks */ = {
			isa = PBXGroup;
			children = (
				9845CBDF14C36316006DEB8B /* QuartzCore.framework */,
				98EB51ED14BFCD1200F7A1A6 /* AudioToolbox.framework */,
				98C7ED9314BE75D400B7A779 /* UIKit.framework */,
				98C7ED9514BE75D400B7A779 /* Foundation.framework */,
				98C7ED9714BE75D400B7A779 /* CoreGraphics.framework */,
			);
			name = Frameworks;
			sourceTree = "<group>";
		};
		98C7ED9914BE75D400B7A779 /* Moder */ = {
			isa = PBXGroup;
			children = (
				98B9AFED14D442BA00C80042 /* README */,
				989B9EB514D24F6A0000FBFC /* TextToMorseViewController */,
				983B1C8314CF2FF000D77D3C /* SettingsViewController */,
				9845CBE214C36A99006DEB8B /* Code */,
				98EB51F314BFD60700F7A1A6 /* Audio */,
				98EB51EB14BFC84700F7A1A6 /* Resources */,
				98EB51E814BFC14A00F7A1A6 /* Helpers */,
				984A754114BF5CC0003938D8 /* TouchableView */,
				984A753014BF56C1003938D8 /* ModerPracticeViewController */,
				98C7EDA214BE75D400B7A779 /* AppDelegate.hpp */,
				98C7EDA314BE75D400B7A779 /* AppDelegate.mm */,
			);
			path = Moder;
			sourceTree = "<group>";
		};
		98C7ED9A14BE75D400B7A779 /* Supporting Files */ = {
			isa = PBXGroup;
			children = (
				98C7ED9B14BE75D400B7A779 /* Moder-Info.plist */,
				98C7ED9C14BE75D400B7A779 /* InfoPlist.strings */,
				98C7ED9F14BE75D400B7A779 /* main.m */,
				98C7EDA114BE75D400B7A779 /* Moder-Prefix.pch */,
			);
			name = "Supporting Files";
			sourceTree = "<group>";
		};
		98EB51E814BFC14A00F7A1A6 /* Helpers */ = {
			isa = PBXGroup;
			children = (
				9819259E14C62B8F009AAB86 /* NSNumber+Helpers.h */,
				9819259F14C62B8F009AAB86 /* NSNumber+Helpers.m */,
			);
			name = Helpers;
			sourceTree = "<group>";
		};
		98EB51EB14BFC84700F7A1A6 /* Resources */ = {
			isa = PBXGroup;
			children = (
				98C7ED9A14BE75D400B7A779 /* Supporting Files */,
			);
			name = Resources;
			sourceTree = "<group>";
		};
		98EB51F314BFD60700F7A1A6 /* Audio */ = {
			isa = PBXGroup;
			children = (
				98EB51F514BFD62800F7A1A6 /* Toner.mm */,
				98EB51F714BFE4F900F7A1A6 /* Toner.hpp */,
			);
			name = Audio;
			sourceTree = "<group>";
		};
/* End PBXGroup section */

/* Begin PBXNativeTarget section */
		98C7ED8E14BE75D400B7A779 /* Moder */ = {
			isa = PBXNativeTarget;
			buildConfigurationList = 98C7EDA714BE75D400B7A779 /* Build configuration list for PBXNativeTarget "Moder" */;
			buildPhases = (
				98C7ED8B14BE75D400B7A779 /* Sources */,
				98C7ED8C14BE75D400B7A779 /* Frameworks */,
				98C7ED8D14BE75D400B7A779 /* Resources */,
			);
			buildRules = (
			);
			dependencies = (
			);
			name = Moder;
			productName = Moder;
			productReference = 98C7ED8F14BE75D400B7A779 /* Moder.app */;
			productType = "com.apple.product-type.application";
		};
/* End PBXNativeTarget section */

/* Begin PBXProject section */
		98C7ED8614BE75D400B7A779 /* Project object */ = {
			isa = PBXProject;
			attributes = {
				LastUpgradeCheck = 0420;
			};
			buildConfigurationList = 98C7ED8914BE75D400B7A779 /* Build configuration list for PBXProject "Moder" */;
			compatibilityVersion = "Xcode 3.2";
			developmentRegion = English;
			hasScannedForEncodings = 0;
			knownRegions = (
				en,
			);
			mainGroup = 98C7ED8414BE75D400B7A779;
			productRefGroup = 98C7ED9014BE75D400B7A779 /* Products */;
			projectDirPath = "";
			projectRoot = "";
			targets = (
				98C7ED8E14BE75D400B7A779 /* Moder */,
			);
		};
/* End PBXProject section */

/* Begin PBXResourcesBuildPhase section */
		98C7ED8D14BE75D400B7A779 /* Resources */ = {
			isa = PBXResourcesBuildPhase;
			buildActionMask = 2147483647;
			files = (
				98C7ED9E14BE75D400B7A779 /* InfoPlist.strings in Resources */,
				98EB51F814BFE4F900F7A1A6 /* Toner.hpp in Resources */,
				98B9AFEE14D442BA00C80042 /* README in Resources */,
			);
			runOnlyForDeploymentPostprocessing = 0;
		};
/* End PBXResourcesBuildPhase section */

/* Begin PBXSourcesBuildPhase section */
		98C7ED8B14BE75D400B7A779 /* Sources */ = {
			isa = PBXSourcesBuildPhase;
			buildActionMask = 2147483647;
			files = (
				98C7EDA014BE75D400B7A779 /* main.m in Sources */,
				98C7EDA414BE75D400B7A779 /* AppDelegate.mm in Sources */,
				984A753414BF56FC003938D8 /* ModerPracticeViewController.mm in Sources */,
				984A753814BF57FD003938D8 /* ModerPracticeView.mm in Sources */,
				984A754414BF5CE4003938D8 /* TouchableView.mm in Sources */,
				98EB51F614BFD62800F7A1A6 /* Toner.mm in Sources */,
				9845CBE514C36AB3006DEB8B /* Coder.m in Sources */,
				9845CBE914C36D0B006DEB8B /* Signal.m in Sources */,
				981925A014C62B8F009AAB86 /* NSNumber+Helpers.m in Sources */,
				9875AB5D14C86FFE00D71CA2 /* CodeDecoder.m in Sources */,
				983B1C8814CF302900D77D3C /* SettingsViewController.m in Sources */,
				983B1C8B14CF303D00D77D3C /* SettingsView.m in Sources */,
				989B9EB914D250340000FBFC /* TextToMorseViewController.m in Sources */,
				989B9EBC14D250660000FBFC /* TextToMorseView.m in Sources */,
			);
			runOnlyForDeploymentPostprocessing = 0;
		};
/* End PBXSourcesBuildPhase section */

/* Begin PBXVariantGroup section */
		98C7ED9C14BE75D400B7A779 /* InfoPlist.strings */ = {
			isa = PBXVariantGroup;
			children = (
				98C7ED9D14BE75D400B7A779 /* en */,
			);
			name = InfoPlist.strings;
			sourceTree = "<group>";
		};
/* End PBXVariantGroup section */

/* Begin XCBuildConfiguration section */
		98C7EDA514BE75D400B7A779 /* Debug */ = {
			isa = XCBuildConfiguration;
			buildSettings = {
				ALWAYS_SEARCH_USER_PATHS = NO;
				ARCHS = "$(ARCHS_STANDARD_32_BIT)";
				CLANG_ENABLE_OBJC_ARC = YES;
				"CODE_SIGN_IDENTITY[sdk=iphoneos*]" = "iPhone Developer";
				COPY_PHASE_STRIP = NO;
				GCC_C_LANGUAGE_STANDARD = gnu99;
				GCC_DYNAMIC_NO_PIC = NO;
				GCC_OPTIMIZATION_LEVEL = 0;
				GCC_PREPROCESSOR_DEFINITIONS = (
					"DEBUG=1",
					"$(inherited)",
				);
				GCC_SYMBOLS_PRIVATE_EXTERN = NO;
				GCC_VERSION = com.apple.compilers.llvm.clang.1_0;
				GCC_WARN_ABOUT_MISSING_PROTOTYPES = YES;
				GCC_WARN_ABOUT_RETURN_TYPE = YES;
				GCC_WARN_UNUSED_VARIABLE = YES;
				IPHONEOS_DEPLOYMENT_TARGET = 5.0;
				SDKROOT = iphoneos;
				TARGETED_DEVICE_FAMILY = "1,2";
			};
			name = Debug;
		};
		98C7EDA614BE75D400B7A779 /* Release */ = {
			isa = XCBuildConfiguration;
			buildSettings = {
				ALWAYS_SEARCH_USER_PATHS = NO;
				ARCHS = "$(ARCHS_STANDARD_32_BIT)";
				CLANG_ENABLE_OBJC_ARC = YES;
				"CODE_SIGN_IDENTITY[sdk=iphoneos*]" = "iPhone Developer";
				COPY_PHASE_STRIP = YES;
				GCC_C_LANGUAGE_STANDARD = gnu99;
				GCC_VERSION = com.apple.compilers.llvm.clang.1_0;
				GCC_WARN_ABOUT_MISSING_PROTOTYPES = YES;
				GCC_WARN_ABOUT_RETURN_TYPE = YES;
				GCC_WARN_UNUSED_VARIABLE = YES;
				IPHONEOS_DEPLOYMENT_TARGET = 5.0;
				OTHER_CFLAGS = "-DNS_BLOCK_ASSERTIONS=1";
				SDKROOT = iphoneos;
				TARGETED_DEVICE_FAMILY = "1,2";
				VALIDATE_PRODUCT = YES;
			};
			name = Release;
		};
		98C7EDA814BE75D400B7A779 /* Debug */ = {
			isa = XCBuildConfiguration;
			buildSettings = {
				GCC_PRECOMPILE_PREFIX_HEADER = YES;
				GCC_PREFIX_HEADER = "Moder/Moder-Prefix.pch";
				INFOPLIST_FILE = "Moder/Moder-Info.plist";
				PRODUCT_NAME = "$(TARGET_NAME)";
				WRAPPER_EXTENSION = app;
			};
			name = Debug;
		};
		98C7EDA914BE75D400B7A779 /* Release */ = {
			isa = XCBuildConfiguration;
			buildSettings = {
				GCC_PRECOMPILE_PREFIX_HEADER = YES;
				GCC_PREFIX_HEADER = "Moder/Moder-Prefix.pch";
				INFOPLIST_FILE = "Moder/Moder-Info.plist";
				PRODUCT_NAME = "$(TARGET_NAME)";
				WRAPPER_EXTENSION = app;
			};
			name = Release;
		};
/* End XCBuildConfiguration section */

/* Begin XCConfigurationList section */
		98C7ED8914BE75D400B7A779 /* Build configuration list for PBXProject "Moder" */ = {
			isa = XCConfigurationList;
			buildConfigurations = (
				98C7EDA514BE75D400B7A779 /* Debug */,
				98C7EDA614BE75D400B7A779 /* Release */,
			);
			defaultConfigurationIsVisible = 0;
			defaultConfigurationName = Release;
		};
		98C7EDA714BE75D400B7A779 /* Build configuration list for PBXNativeTarget "Moder" */ = {
			isa = XCConfigurationList;
			buildConfigurations = (
				98C7EDA814BE75D400B7A779 /* Debug */,
				98C7EDA914BE75D400B7A779 /* Release */,
			);
			defaultConfigurationIsVisible = 0;
			defaultConfigurationName = Release;
		};
/* End XCConfigurationList section */
	};
	rootObject = 98C7ED8614BE75D400B7A779 /* Project object */;
}
